PODS:
  - Alamofire (4.7.2)
  - iTunesSearchAPI (1.0)
  - Kingfisher (4.8.0)
  - SwiftyJSON (4.1.0)

DEPENDENCIES:
  - Alamofire (~> 4.7)
  - iTunesSearchAPI
  - Kingfisher (~> 4.0)
  - SwiftyJSON (~> 4.0)

SPEC REPOS:
  https://github.com/cocoapods/specs.git:
    - Alamofire
    - iTunesSearchAPI
    - Kingfisher
    - SwiftyJSON

SPEC CHECKSUMS:
  Alamofire: e4fa87002c137ba2d8d634d2c51fabcda0d5c223
  iTunesSearchAPI: f0ef86fcc9309a91562f70e5d6003c932efb4f68
  Kingfisher: 976d828df2b24834c6a3f2fc4d82cdbd26552be1
  SwiftyJSON: c29297daf073d2aa016295d5809cdd68045c39b3

PODFILE CHECKSUM: d7fc72acbb98badbf137f159fb5f89379a240ad3

COCOAPODS: 1.5.3
